
Microsoft Visual Studio Solution File, Format Version 12.00
# Visual Studio Version 17
VisualStudioVersion = 17.4.33205.214
MinimumVisualStudioVersion = 10.0.40219.1
Project("{9A19103F-16F7-4668-BE54-9A1E7A4F7556}") = "Backend", "Backend\Backend.csproj", "{FC055A5D-2DC8-44B9-A54E-A97AAB6ECCB0}"
EndProject
Global
	GlobalSection(SolutionConfigurationPlatforms) = preSolution
		Debug|Any CPU = Debug|Any CPU
		Release|Any CPU = Release|Any CPU
	EndGlobalSection
	GlobalSection(ProjectConfigurationPlatforms) = postSolution
		{FC055A5D-2DC8-44B9-A54E-A97AAB6ECCB0}.Debug|Any CPU.ActiveCfg = Debug|Any CPU
		{FC055A5D-2DC8-44B9-A54E-A97AAB6ECCB0}.Debug|Any CPU.Build.0 = Debug|Any CPU
		{FC055A5D-2DC8-44B9-A54E-A97AAB6ECCB0}.Release|Any CPU.ActiveCfg = Release|Any CPU
		{FC055A5D-2DC8-44B9-A54E-A97AAB6ECCB0}.Release|Any CPU.Build.0 = Release|Any CPU
	EndGlobalSection
	GlobalSection(SolutionProperties) = preSolution
		HideSolutionNode = FALSE
	EndGlobalSection
	GlobalSection(ExtensibilityGlobals) = postSolution
		SolutionGuid = {E83AE1E8-028B-4719-B8BC-834BD6B92D1E}
	EndGlobalSection
EndGlobal
